PODS:
  - Alamofire (3.2.0)
  - Font-Awesome-Swift (1.4.5)
  - MMDrawerController (0.5.7):
    - MMDrawerController/Core (= 0.5.7)
    - MMDrawerController/MMDrawerBarButtonItem (= 0.5.7)
    - MMDrawerController/MMDrawerVisualStates (= 0.5.7)
    - MMDrawerController/Subclass (= 0.5.7)
  - MMDrawerController/Core (0.5.7)
  - MMDrawerController/MMDrawerBarButtonItem (0.5.7):
    - MMDrawerController/Core
  - MMDrawerController/MMDrawerVisualStates (0.5.7):
    - MMDrawerController/Core
  - MMDrawerController/Subclass (0.5.7):
    - MMDrawerController/Core

DEPENDENCIES:
  - Alamofire (~> 3.0)
  - Font-Awesome-Swift (~> 1.4.3)
  - MMDrawerController (~> 0.5.7)

SPEC CHECKSUMS:
  Alamofire: 4da478599fccddff361205c8929333d7fe18dceb
  Font-Awesome-Swift: 0af30357ab68dbcfa2d211254a5c11a158261112
  MMDrawerController: 7a4cf8e25596bf2434e03ce50d22a8608ddee6a1

COCOAPODS: 0.39.0
